// !$*UTF8*$!
{
	archiveVersion = 1;
	classes = {
	};
	objectVersion = 77;
	objects = {

/* Begin PBXBuildFile section */
		97613B4C2D0635C600220031 /* HotwireNative in Frameworks */ = {isa = PBXBuildFile; productRef = 97613B4B2D0635C600220031 /* HotwireNative */; };
		97613B572D06512900220031 /* YouTubePlayerKit in Frameworks */ = {isa = PBXBuildFile; productRef = 97613B562D06512900220031 /* YouTubePlayerKit */; };
/* End PBXBuildFile section */

/* Begin PBXContainerItemProxy section */
		97613B2D2D0634FA00220031 /* PBXContainerItemProxy */ = {
			isa = PBXContainerItemProxy;
			containerPortal = 97613B0E2D0634F500220031 /* Project object */;
			proxyType = 1;
			remoteGlobalIDString = 97613B152D0634F500220031;
			remoteInfo = RubyEvents;
		};
		97613B372D0634FA00220031 /* PBXContainerItemProxy */ = {
			isa = PBXContainerItemProxy;
			containerPortal = 97613B0E2D0634F500220031 /* Project object */;
			proxyType = 1;
			remoteGlobalIDString = 97613B152D0634F500220031;
			remoteInfo = RubyEvents;
		};
/* End PBXContainerItemProxy section */

/* Begin PBXFileReference section */
		97613B162D0634F500220031 /* RubyEvents.app */ = {isa = PBXFileReference; explicitFileType = wrapper.application; includeInIndex = 0; path = RubyEvents.app; sourceTree = BUILT_PRODUCTS_DIR; };
		97613B2C2D0634FA00220031 /* RubyEventsTests.xctest */ = {isa = PBXFileReference; explicitFileType = wrapper.cfbundle; includeInIndex = 0; path = RubyEventsTests.xctest; sourceTree = BUILT_PRODUCTS_DIR; };
		97613B362D0634FA00220031 /* RubyEventsUITests.xctest */ = {isa = PBXFileReference; explicitFileType = wrapper.cfbundle; includeInIndex = 0; path = RubyEventsUITests.xctest; sourceTree = BUILT_PRODUCTS_DIR; };
/* End PBXFileReference section */

/* Begin PBXFileSystemSynchronizedBuildFileExceptionSet section */
		97613B3E2D0634FA00220031 /* Exceptions for "RubyEvents" folder in "RubyEvents" target */ = {
			isa = PBXFileSystemSynchronizedBuildFileExceptionSet;
			membershipExceptions = (
				Info.plist,
			);
			target = 97613B152D0634F500220031 /* RubyEvents */;
		};
/* End PBXFileSystemSynchronizedBuildFileExceptionSet section */

/* Begin PBXFileSystemSynchronizedRootGroup section */
		97613B182D0634F500220031 /* RubyEvents */ = {
			isa = PBXFileSystemSynchronizedRootGroup;
			exceptions = (
				97613B3E2D0634FA00220031 /* Exceptions for "RubyEvents" folder in "RubyEvents" target */,
			);
			path = RubyEvents;
			sourceTree = "<group>";
		};
		97613B2F2D0634FA00220031 /* RubyEventsTests */ = {
			isa = PBXFileSystemSynchronizedRootGroup;
			path = RubyEventsTests;
			sourceTree = "<group>";
		};
		97613B392D0634FA00220031 /* RubyEventsUITests */ = {
			isa = PBXFileSystemSynchronizedRootGroup;
			path = RubyEventsUITests;
			sourceTree = "<group>";
		};
/* End PBXFileSystemSynchronizedRootGroup section */

/* Begin PBXFrameworksBuildPhase section */
		97613B132D0634F500220031 /* Frameworks */ = {
			isa = PBXFrameworksBuildPhase;
			buildActionMask = 2147483647;
			files = (
				97613B572D06512900220031 /* YouTubePlayerKit in Frameworks */,
				97613B4C2D0635C600220031 /* HotwireNative in Frameworks */,
			);
			runOnlyForDeploymentPostprocessing = 0;
		};
		97613B292D0634FA00220031 /* Frameworks */ = {
			isa = PBXFrameworksBuildPhase;
			buildActionMask = 2147483647;
			files = (
			);
			runOnlyForDeploymentPostprocessing = 0;
		};
		97613B332D0634FA00220031 /* Frameworks */ = {
			isa = PBXFrameworksBuildPhase;
			buildActionMask = 2147483647;
			files = (
			);
			runOnlyForDeploymentPostprocessing = 0;
		};
/* End PBXFrameworksBuildPhase section */

/* Begin PBXGroup section */
		97613B0D2D0634F500220031 = {
			isa = PBXGroup;
			children = (
				97613B182D0634F500220031 /* RubyEvents */,
				97613B2F2D0634FA00220031 /* RubyEventsTests */,
				97613B392D0634FA00220031 /* RubyEventsUITests */,
				97613B172D0634F500220031 /* Products */,
			);
			sourceTree = "<group>";
		};
		97613B172D0634F500220031 /* Products */ = {
			isa = PBXGroup;
			children = (
				97613B162D0634F500220031 /* RubyEvents.app */,
				97613B2C2D0634FA00220031 /* RubyEventsTests.xctest */,
				97613B362D0634FA00220031 /* RubyEventsUITests.xctest */,
			);
			name = Products;
			sourceTree = "<group>";
		};
/* End PBXGroup section */

/* Begin PBXNativeTarget section */
		97613B152D0634F500220031 /* RubyEvents */ = {
			isa = PBXNativeTarget;
			buildConfigurationList = 97613B3F2D0634FA00220031 /* Build configuration list for PBXNativeTarget "RubyEvents" */;
			buildPhases = (
				97613B122D0634F500220031 /* Sources */,
				97613B132D0634F500220031 /* Frameworks */,
				97613B142D0634F500220031 /* Resources */,
			);
			buildRules = (
			);
			dependencies = (
			);
			fileSystemSynchronizedGroups = (
				97613B182D0634F500220031 /* RubyEvents */,
			);
			name = RubyEvents;
			packageProductDependencies = (
				97613B4B2D0635C600220031 /* HotwireNative */,
				97613B562D06512900220031 /* YouTubePlayerKit */,
			);
			productName = RubyEvents;
			productReference = 97613B162D0634F500220031 /* RubyEvents.app */;
			productType = "com.apple.product-type.application";
		};
		97613B2B2D0634FA00220031 /* RubyEventsTests */ = {
			isa = PBXNativeTarget;
			buildConfigurationList = 97613B442D0634FA00220031 /* Build configuration list for PBXNativeTarget "RubyEventsTests" */;
			buildPhases = (
				97613B282D0634FA00220031 /* Sources */,
				97613B292D0634FA00220031 /* Frameworks */,
				97613B2A2D0634FA00220031 /* Resources */,
			);
			buildRules = (
			);
			dependencies = (
				97613B2E2D0634FA00220031 /* PBXTargetDependency */,
			);
			fileSystemSynchronizedGroups = (
				97613B2F2D0634FA00220031 /* RubyEventsTests */,
			);
			name = RubyEventsTests;
			packageProductDependencies = (
			);
			productName = RubyEventsTests;
			productReference = 97613B2C2D0634FA00220031 /* RubyEventsTests.xctest */;
			productType = "com.apple.product-type.bundle.unit-test";
		};
		97613B352D0634FA00220031 /* RubyEventsUITests */ = {
			isa = PBXNativeTarget;
			buildConfigurationList = 97613B472D0634FA00220031 /* Build configuration list for PBXNativeTarget "RubyEventsUITests" */;
			buildPhases = (
				97613B322D0634FA00220031 /* Sources */,
				97613B332D0634FA00220031 /* Frameworks */,
				97613B342D0634FA00220031 /* Resources */,
			);
			buildRules = (
			);
			dependencies = (
				97613B382D0634FA00220031 /* PBXTargetDependency */,
			);
			fileSystemSynchronizedGroups = (
				97613B392D0634FA00220031 /* RubyEventsUITests */,
			);
			name = RubyEventsUITests;
			packageProductDependencies = (
			);
			productName = RubyEventsUITests;
			productReference = 97613B362D0634FA00220031 /* RubyEventsUITests.xctest */;
			productType = "com.apple.product-type.bundle.ui-testing";
		};
/* End PBXNativeTarget section */

/* Begin PBXProject section */
		97613B0E2D0634F500220031 /* Project object */ = {
			isa = PBXProject;
			attributes = {
				BuildIndependentTargetsInParallel = 1;
				LastSwiftUpdateCheck = 1610;
				LastUpgradeCheck = 1610;
				TargetAttributes = {
					97613B152D0634F500220031 = {
						CreatedOnToolsVersion = 16.1;
					};
					97613B2B2D0634FA00220031 = {
						CreatedOnToolsVersion = 16.1;
						TestTargetID = 97613B152D0634F500220031;
					};
					97613B352D0634FA00220031 = {
						CreatedOnToolsVersion = 16.1;
						TestTargetID = 97613B152D0634F500220031;
					};
				};
			};
			buildConfigurationList = 97613B112D0634F500220031 /* Build configuration list for PBXProject "RubyEvents" */;
			developmentRegion = en;
			hasScannedForEncodings = 0;
			knownRegions = (
				en,
				Base,
			);
			mainGroup = 97613B0D2D0634F500220031;
			minimizedProjectReferenceProxies = 1;
			packageReferences = (
				97613B4A2D0635C600220031 /* XCRemoteSwiftPackageReference "hotwire-native-ios" */,
				97613B552D06512900220031 /* XCRemoteSwiftPackageReference "YouTubePlayerKit" */,
			);
			preferredProjectObjectVersion = 77;
			productRefGroup = 97613B172D0634F500220031 /* Products */;
			projectDirPath = "";
			projectRoot = "";
			targets = (
				97613B152D0634F500220031 /* RubyEvents */,
				97613B2B2D0634FA00220031 /* RubyEventsTests */,
				97613B352D0634FA00220031 /* RubyEventsUITests */,
			);
		};
/* End PBXProject section */

/* Begin PBXResourcesBuildPhase section */
		97613B142D0634F500220031 /* Resources */ = {
			isa = PBXResourcesBuildPhase;
			buildActionMask = 2147483647;
			files = (
			);
			runOnlyForDeploymentPostprocessing = 0;
		};
		97613B2A2D0634FA00220031 /* Resources */ = {
			isa = PBXResourcesBuildPhase;
			buildActionMask = 2147483647;
			files = (
			);
			runOnlyForDeploymentPostprocessing = 0;
		};
		97613B342D0634FA00220031 /* Resources */ = {
			isa = PBXResourcesBuildPhase;
			buildActionMask = 2147483647;
			files = (
			);
			runOnlyForDeploymentPostprocessing = 0;
		};
/* End PBXResourcesBuildPhase section */

/* Begin PBXSourcesBuildPhase section */
		97613B122D0634F500220031 /* Sources */ = {
			isa = PBXSourcesBuildPhase;
			buildActionMask = 2147483647;
			files = (
			);
			runOnlyForDeploymentPostprocessing = 0;
		};
		97613B282D0634FA00220031 /* Sources */ = {
			isa = PBXSourcesBuildPhase;
			buildActionMask = 2147483647;
			files = (
			);
			runOnlyForDeploymentPostprocessing = 0;
		};
		97613B322D0634FA00220031 /* Sources */ = {
			isa = PBXSourcesBuildPhase;
			buildActionMask = 2147483647;
			files = (
			);
			runOnlyForDeploymentPostprocessing = 0;
		};
/* End PBXSourcesBuildPhase section */

/* Begin PBXTargetDependency section */
		97613B2E2D0634FA00220031 /* PBXTargetDependency */ = {
			isa = PBXTargetDependency;
			target = 97613B152D0634F500220031 /* RubyEvents */;
			targetProxy = 97613B2D2D0634FA00220031 /* PBXContainerItemProxy */;
		};
		97613B382D0634FA00220031 /* PBXTargetDependency */ = {
			isa = PBXTargetDependency;
			target = 97613B152D0634F500220031 /* RubyEvents */;
			targetProxy = 97613B372D0634FA00220031 /* PBXContainerItemProxy */;
		};
/* End PBXTargetDependency section */

/* Begin XCBuildConfiguration section */
		97613B402D0634FA00220031 /* Debug */ = {
			isa = XCBuildConfiguration;
			buildSettings = {
				ASSETCATALOG_COMPILER_APPICON_NAME = AppIcon;
				ASSETCATALOG_COMPILER_GLOBAL_ACCENT_COLOR_NAME = AccentColor;
				CODE_SIGN_STYLE = Automatic;
				CURRENT_PROJECT_VERSION = 1;
				DEVELOPMENT_TEAM = NAQKG42NC3;
				GENERATE_INFOPLIST_FILE = YES;
				INFOPLIST_FILE = RubyEvents/Info.plist;
				INFOPLIST_KEY_CFBundleDisplayName = RubyEvents;
				INFOPLIST_KEY_LSApplicationCategoryType = "public.app-category.education";
				INFOPLIST_KEY_UIApplicationSupportsIndirectInputEvents = YES;
				INFOPLIST_KEY_UILaunchStoryboardName = LaunchScreen;
				INFOPLIST_KEY_UIMainStoryboardFile = Main;
				INFOPLIST_KEY_UISupportedInterfaceOrientations_iPad = "UIInterfaceOrientationPortrait UIInterfaceOrientationPortraitUpsideDown UIInterfaceOrientationLandscapeLeft UIInterfaceOrientationLandscapeRight";
				INFOPLIST_KEY_UISupportedInterfaceOrientations_iPhone = "UIInterfaceOrientationPortrait UIInterfaceOrientationLandscapeLeft UIInterfaceOrientationLandscapeRight";
				LD_RUNPATH_SEARCH_PATHS = (
					"$(inherited)",
					"@executable_path/Frameworks",
				);
				MARKETING_VERSION = 1.0;
				PRODUCT_BUNDLE_IDENTIFIER = org.rubyevents.RubyEvents;
				PRODUCT_NAME = "$(TARGET_NAME)";
				SWIFT_EMIT_LOC_STRINGS = YES;
				SWIFT_VERSION = 5.0;
				TARGETED_DEVICE_FAMILY = "1,2";
			};
			name = Debug;
		};
		97613B412D0634FA00220031 /* Release */ = {
			isa = XCBuildConfiguration;
			buildSettings = {
				ASSETCATALOG_COMPILER_APPICON_NAME = AppIcon;
				ASSETCATALOG_COMPILER_GLOBAL_ACCENT_COLOR_NAME = AccentColor;
				CODE_SIGN_STYLE = Automatic;
				CURRENT_PROJECT_VERSION = 1;
				DEVELOPMENT_TEAM = NAQKG42NC3;
				GENERATE_INFOPLIST_FILE = YES;
				INFOPLIST_FILE = RubyEvents/Info.plist;
				INFOPLIST_KEY_CFBundleDisplayName = RubyEvents;
				INFOPLIST_KEY_LSApplicationCategoryType = "public.app-category.education";
				INFOPLIST_KEY_UIApplicationSupportsIndirectInputEvents = YES;
				INFOPLIST_KEY_UILaunchStoryboardName = LaunchScreen;
				INFOPLIST_KEY_UIMainStoryboardFile = Main;
				INFOPLIST_KEY_UISupportedInterfaceOrientations_iPad = "UIInterfaceOrientationPortrait UIInterfaceOrientationPortraitUpsideDown UIInterfaceOrientationLandscapeLeft UIInterfaceOrientationLandscapeRight";
				INFOPLIST_KEY_UISupportedInterfaceOrientations_iPhone = "UIInterfaceOrientationPortrait UIInterfaceOrientationLandscapeLeft UIInterfaceOrientationLandscapeRight";
				LD_RUNPATH_SEARCH_PATHS = (
					"$(inherited)",
					"@executable_path/Frameworks",
				);
				MARKETING_VERSION = 1.0;
				PRODUCT_BUNDLE_IDENTIFIER = org.rubyevents.RubyEvents;
				PRODUCT_NAME = "$(TARGET_NAME)";
				SWIFT_EMIT_LOC_STRINGS = YES;
				SWIFT_VERSION = 5.0;
				TARGETED_DEVICE_FAMILY = "1,2";
			};
			name = Release;
		};
		97613B422D0634FA00220031 /* Debug */ = {
			isa = XCBuildConfiguration;
			buildSettings = {
				ALWAYS_SEARCH_USER_PATHS = NO;
				ASSETCATALOG_COMPILER_GENERATE_SWIFT_ASSET_SYMBOL_EXTENSIONS = YES;
				CLANG_ANALYZER_NONNULL = YES;
				CLANG_ANALYZER_NUMBER_OBJECT_CONVERSION = YES_AGGRESSIVE;
				CLANG_CXX_LANGUAGE_STANDARD = "gnu++20";
				CLANG_ENABLE_MODULES = YES;
				CLANG_ENABLE_OBJC_ARC = YES;
				CLANG_ENABLE_OBJC_WEAK = YES;
				CLANG_WARN_BLOCK_CAPTURE_AUTORELEASING = YES;
				CLANG_WARN_BOOL_CONVERSION = YES;
				CLANG_WARN_COMMA = YES;
				CLANG_WARN_CONSTANT_CONVERSION = YES;
				CLANG_WARN_DEPRECATED_OBJC_IMPLEMENTATIONS = YES;
				CLANG_WARN_DIRECT_OBJC_ISA_USAGE = YES_ERROR;
				CLANG_WARN_DOCUMENTATION_COMMENTS = YES;
				CLANG_WARN_EMPTY_BODY = YES;
				CLANG_WARN_ENUM_CONVERSION = YES;
				CLANG_WARN_INFINITE_RECURSION = YES;
				CLANG_WARN_INT_CONVERSION = YES;
				CLANG_WARN_NON_LITERAL_NULL_CONVERSION = YES;
				CLANG_WARN_OBJC_IMPLICIT_RETAIN_SELF = YES;
				CLANG_WARN_OBJC_LITERAL_CONVERSION = YES;
				CLANG_WARN_OBJC_ROOT_CLASS = YES_ERROR;
				CLANG_WARN_QUOTED_INCLUDE_IN_FRAMEWORK_HEADER = YES;
				CLANG_WARN_RANGE_LOOP_ANALYSIS = YES;
				CLANG_WARN_STRICT_PROTOTYPES = YES;
				CLANG_WARN_SUSPICIOUS_MOVE = YES;
				CLANG_WARN_UNGUARDED_AVAILABILITY = YES_AGGRESSIVE;
				CLANG_WARN_UNREACHABLE_CODE = YES;
				CLANG_WARN__DUPLICATE_METHOD_MATCH = YES;
				COPY_PHASE_STRIP = NO;
				DEBUG_INFORMATION_FORMAT = dwarf;
				ENABLE_STRICT_OBJC_MSGSEND = YES;
				ENABLE_TESTABILITY = YES;
				ENABLE_USER_SCRIPT_SANDBOXING = YES;
				GCC_C_LANGUAGE_STANDARD = gnu17;
				GCC_DYNAMIC_NO_PIC = NO;
				GCC_NO_COMMON_BLOCKS = YES;
				GCC_OPTIMIZATION_LEVEL = 0;
				GCC_PREPROCESSOR_DEFINITIONS = (
					"DEBUG=1",
					"$(inherited)",
				);
				GCC_WARN_64_TO_32_BIT_CONVERSION = YES;
				GCC_WARN_ABOUT_RETURN_TYPE = YES_ERROR;
				GCC_WARN_UNDECLARED_SELECTOR = YES;
				GCC_WARN_UNINITIALIZED_AUTOS = YES_AGGRESSIVE;
				GCC_WARN_UNUSED_FUNCTION = YES;
				GCC_WARN_UNUSED_VARIABLE = YES;
				IPHONEOS_DEPLOYMENT_TARGET = 18.1;
				LOCALIZATION_PREFERS_STRING_CATALOGS = YES;
				MTL_ENABLE_DEBUG_INFO = INCLUDE_SOURCE;
				MTL_FAST_MATH = YES;
				ONLY_ACTIVE_ARCH = YES;
				SDKROOT = iphoneos;
				SWIFT_ACTIVE_COMPILATION_CONDITIONS = "DEBUG $(inherited)";
				SWIFT_OPTIMIZATION_LEVEL = "-Onone";
			};
			name = Debug;
		};
		97613B432D0634FA00220031 /* Release */ = {
			isa = XCBuildConfiguration;
			buildSettings = {
				ALWAYS_SEARCH_USER_PATHS = NO;
				ASSETCATALOG_COMPILER_GENERATE_SWIFT_ASSET_SYMBOL_EXTENSIONS = YES;
				CLANG_ANALYZER_NONNULL = YES;
				CLANG_ANALYZER_NUMBER_OBJECT_CONVERSION = YES_AGGRESSIVE;
				CLANG_CXX_LANGUAGE_STANDARD = "gnu++20";
				CLANG_ENABLE_MODULES = YES;
				CLANG_ENABLE_OBJC_ARC = YES;
				CLANG_ENABLE_OBJC_WEAK = YES;
				CLANG_WARN_BLOCK_CAPTURE_AUTORELEASING = YES;
				CLANG_WARN_BOOL_CONVERSION = YES;
				CLANG_WARN_COMMA = YES;
				CLANG_WARN_CONSTANT_CONVERSION = YES;
				CLANG_WARN_DEPRECATED_OBJC_IMPLEMENTATIONS = YES;
				CLANG_WARN_DIRECT_OBJC_ISA_USAGE = YES_ERROR;
				CLANG_WARN_DOCUMENTATION_COMMENTS = YES;
				CLANG_WARN_EMPTY_BODY = YES;
				CLANG_WARN_ENUM_CONVERSION = YES;
				CLANG_WARN_INFINITE_RECURSION = YES;
				CLANG_WARN_INT_CONVERSION = YES;
				CLANG_WARN_NON_LITERAL_NULL_CONVERSION = YES;
				CLANG_WARN_OBJC_IMPLICIT_RETAIN_SELF = YES;
				CLANG_WARN_OBJC_LITERAL_CONVERSION = YES;
				CLANG_WARN_OBJC_ROOT_CLASS = YES_ERROR;
				CLANG_WARN_QUOTED_INCLUDE_IN_FRAMEWORK_HEADER = YES;
				CLANG_WARN_RANGE_LOOP_ANALYSIS = YES;
				CLANG_WARN_STRICT_PROTOTYPES = YES;
				CLANG_WARN_SUSPICIOUS_MOVE = YES;
				CLANG_WARN_UNGUARDED_AVAILABILITY = YES_AGGRESSIVE;
				CLANG_WARN_UNREACHABLE_CODE = YES;
				CLANG_WARN__DUPLICATE_METHOD_MATCH = YES;
				COPY_PHASE_STRIP = NO;
				DEBUG_INFORMATION_FORMAT = "dwarf-with-dsym";
				ENABLE_NS_ASSERTIONS = NO;
				ENABLE_STRICT_OBJC_MSGSEND = YES;
				ENABLE_USER_SCRIPT_SANDBOXING = YES;
				GCC_C_LANGUAGE_STANDARD = gnu17;
				GCC_NO_COMMON_BLOCKS = YES;
				GCC_WARN_64_TO_32_BIT_CONVERSION = YES;
				GCC_WARN_ABOUT_RETURN_TYPE = YES_ERROR;
				GCC_WARN_UNDECLARED_SELECTOR = YES;
				GCC_WARN_UNINITIALIZED_AUTOS = YES_AGGRESSIVE;
				GCC_WARN_UNUSED_FUNCTION = YES;
				GCC_WARN_UNUSED_VARIABLE = YES;
				IPHONEOS_DEPLOYMENT_TARGET = 18.1;
				LOCALIZATION_PREFERS_STRING_CATALOGS = YES;
				MTL_ENABLE_DEBUG_INFO = NO;
				MTL_FAST_MATH = YES;
				SDKROOT = iphoneos;
				SWIFT_COMPILATION_MODE = wholemodule;
				VALIDATE_PRODUCT = YES;
			};
			name = Release;
		};
		97613B452D0634FA00220031 /* Debug */ = {
			isa = XCBuildConfiguration;
			buildSettings = {
				BUNDLE_LOADER = "$(TEST_HOST)";
				CODE_SIGN_STYLE = Automatic;
				CURRENT_PROJECT_VERSION = 1;
				GENERATE_INFOPLIST_FILE = YES;
				IPHONEOS_DEPLOYMENT_TARGET = 18.1;
				MARKETING_VERSION = 1.0;
				PRODUCT_BUNDLE_IDENTIFIER = org.rubyevents.RubyEventsTests;
				PRODUCT_NAME = "$(TARGET_NAME)";
				SWIFT_EMIT_LOC_STRINGS = NO;
				SWIFT_VERSION = 5.0;
				TARGETED_DEVICE_FAMILY = "1,2";
				TEST_HOST = "$(BUILT_PRODUCTS_DIR)/RubyEvents.app/$(BUNDLE_EXECUTABLE_FOLDER_PATH)/RubyEvents";
			};
			name = Debug;
		};
		97613B462D0634FA00220031 /* Release */ = {
			isa = XCBuildConfiguration;
			buildSettings = {
				BUNDLE_LOADER = "$(TEST_HOST)";
				CODE_SIGN_STYLE = Automatic;
				CURRENT_PROJECT_VERSION = 1;
				GENERATE_INFOPLIST_FILE = YES;
				IPHONEOS_DEPLOYMENT_TARGET = 18.1;
				MARKETING_VERSION = 1.0;
				PRODUCT_BUNDLE_IDENTIFIER = org.rubyevents.RubyEventsTests;
				PRODUCT_NAME = "$(TARGET_NAME)";
				SWIFT_EMIT_LOC_STRINGS = NO;
				SWIFT_VERSION = 5.0;
				TARGETED_DEVICE_FAMILY = "1,2";
				TEST_HOST = "$(BUILT_PRODUCTS_DIR)/RubyEvents.app/$(BUNDLE_EXECUTABLE_FOLDER_PATH)/RubyEvents";
			};
			name = Release;
		};
		97613B482D0634FA00220031 /* Debug */ = {
			isa = XCBuildConfiguration;
			buildSettings = {
				CODE_SIGN_STYLE = Automatic;
				CURRENT_PROJECT_VERSION = 1;
				GENERATE_INFOPLIST_FILE = YES;
				MARKETING_VERSION = 1.0;
				PRODUCT_BUNDLE_IDENTIFIER = org.rubyevents.RubyEventsUITests;
				PRODUCT_NAME = "$(TARGET_NAME)";
				SWIFT_EMIT_LOC_STRINGS = NO;
				SWIFT_VERSION = 5.0;
				TARGETED_DEVICE_FAMILY = "1,2";
				TEST_TARGET_NAME = RubyEvents;
			};
			name = Debug;
		};
		97613B492D0634FA00220031 /* Release */ = {
			isa = XCBuildConfiguration;
			buildSettings = {
				CODE_SIGN_STYLE = Automatic;
				CURRENT_PROJECT_VERSION = 1;
				GENERATE_INFOPLIST_FILE = YES;
				MARKETING_VERSION = 1.0;
				PRODUCT_BUNDLE_IDENTIFIER = org.rubyevents.RubyEventsUITests;
				PRODUCT_NAME = "$(TARGET_NAME)";
				SWIFT_EMIT_LOC_STRINGS = NO;
				SWIFT_VERSION = 5.0;
				TARGETED_DEVICE_FAMILY = "1,2";
				TEST_TARGET_NAME = RubyEvents;
			};
			name = Release;
		};
/* End XCBuildConfiguration section */

/* Begin XCConfigurationList section */
		97613B112D0634F500220031 /* Build configuration list for PBXProject "RubyEvents" */ = {
			isa = XCConfigurationList;
			buildConfigurations = (
				97613B422D0634FA00220031 /* Debug */,
				97613B432D0634FA00220031 /* Release */,
			);
			defaultConfigurationIsVisible = 0;
			defaultConfigurationName = Release;
		};
		97613B3F2D0634FA00220031 /* Build configuration list for PBXNativeTarget "RubyEvents" */ = {
			isa = XCConfigurationList;
			buildConfigurations = (
				97613B402D0634FA00220031 /* Debug */,
				97613B412D0634FA00220031 /* Release */,
			);
			defaultConfigurationIsVisible = 0;
			defaultConfigurationName = Release;
		};
		97613B442D0634FA00220031 /* Build configuration list for PBXNativeTarget "RubyEventsTests" */ = {
			isa = XCConfigurationList;
			buildConfigurations = (
				97613B452D0634FA00220031 /* Debug */,
				97613B462D0634FA00220031 /* Release */,
			);
			defaultConfigurationIsVisible = 0;
			defaultConfigurationName = Release;
		};
		97613B472D0634FA00220031 /* Build configuration list for PBXNativeTarget "RubyEventsUITests" */ = {
			isa = XCConfigurationList;
			buildConfigurations = (
				97613B482D0634FA00220031 /* Debug */,
				97613B492D0634FA00220031 /* Release */,
			);
			defaultConfigurationIsVisible = 0;
			defaultConfigurationName = Release;
		};
/* End XCConfigurationList section */

/* Begin XCRemoteSwiftPackageReference section */
		97613B4A2D0635C600220031 /* XCRemoteSwiftPackageReference "hotwire-native-ios" */ = {
			isa = XCRemoteSwiftPackageReference;
			repositoryURL = "https://github.com/hotwired/hotwire-native-ios";
			requirement = {
				kind = upToNextMajorVersion;
				minimumVersion = 1.0.1;
			};
		};
		97613B552D06512900220031 /* XCRemoteSwiftPackageReference "YouTubePlayerKit" */ = {
			isa = XCRemoteSwiftPackageReference;
			repositoryURL = "https://github.com/SvenTiigi/YouTubePlayerKit.git";
			requirement = {
				kind = upToNextMajorVersion;
				minimumVersion = 1.9.0;
			};
		};
/* End XCRemoteSwiftPackageReference section */

/* Begin XCSwiftPackageProductDependency section */
		97613B4B2D0635C600220031 /* HotwireNative */ = {
			isa = XCSwiftPackageProductDependency;
			package = 97613B4A2D0635C600220031 /* XCRemoteSwiftPackageReference "hotwire-native-ios" */;
			productName = HotwireNative;
		};
		97613B562D06512900220031 /* YouTubePlayerKit */ = {
			isa = XCSwiftPackageProductDependency;
			package = 97613B552D06512900220031 /* XCRemoteSwiftPackageReference "YouTubePlayerKit" */;
			productName = YouTubePlayerKit;
		};
/* End XCSwiftPackageProductDependency section */
	};
	rootObject = 97613B0E2D0634F500220031 /* Project object */;
}
